{
  "name": "em-calibrator",
  "version": "0.0.1",
  "lockfileVersion": 2,
  "requires": true,
  "packages": {
    "": {
      "name": "em-calibrator",
      "version": "0.0.1",
      "license": "MIT",
      "devDependencies": {
        "@stencil-community/router": "^1.0.2",
        "@stencil/core": "2.13.0",
        "@stencil/sass": "^2.0.0",
        "@stencil/store": "^2.0.1",
        "gcode-preview": "^2.8.2"
      }
    },
    "node_modules/@stencil-community/router": {
      "version": "1.0.2",
      "resolved": "https://registry.npmjs.org/@stencil-community/router/-/router-1.0.2.tgz",
      "integrity": "sha512-GQkhcwDZdkX6k6rE/ZqrH2mbxGt9wPq0KGAdwPJOcZJbfq9cKaSMOuS7heDEBcWgXgxJS2rKqwUKyKTj41g9pA==",
      "dev": true,
      "dependencies": {
        "@stencil/state-tunnel": "^1.0.1"
      }
    },
    "node_modules/@stencil/core": {
      "version": "2.13.0",
      "resolved": "https://registry.npmjs.org/@stencil/core/-/core-2.13.0.tgz",
      "integrity": "sha512-EEKHOHgYpg3/iFUKMXTZJjUayRul7sXDwNw0OGgkEOe4t7JWiibDkzUHuruvpbqEydX+z1+ez5K2bMMY76c2wA==",
      "dev": true,
      "bin": {
        "stencil": "bin/stencil"
      },
      "engines": {
        "node": ">=12.10.0",
        "npm": ">=6.0.0"
      }
    },
    "node_modules/@stencil/sass": {
      "version": "2.0.0",
      "resolved": "https://registry.npmjs.org/@stencil/sass/-/sass-2.0.0.tgz",
      "integrity": "sha512-Be7Tz7YJnMzloot0aG3m2wTVt9Dg0rjOU+ZVx49ts9+hyeW+NEmvSWPv6bhypblRXbSGik2Cc3AYboTma4Qpgg==",
      "dev": true,
      "peerDependencies": {
        "@stencil/core": ">=2.0.0"
      }
    },
    "node_modules/@stencil/state-tunnel": {
      "version": "1.0.1",
      "resolved": "https://registry.npmjs.org/@stencil/state-tunnel/-/state-tunnel-1.0.1.tgz",
      "integrity": "sha512-DYG8uROgL9hkjVTCtCfRBb0d3FwpiFB0muRrNZQ2X1Qo5hxMuNNji76/ILddqeq0AfgkKCW82xrMPDpy+rNIhQ==",
      "dev": true
    },
    "node_modules/@stencil/store": {
      "version": "2.0.1",
      "resolved": "https://registry.npmjs.org/@stencil/store/-/store-2.0.1.tgz",
      "integrity": "sha512-zGVu8/zvMNouo068wppVihHBPejU1rbanfq5VHvgw7lCI2BzQVY+RFNlnWQ4PrGwSybLw50363y3MkClWF7k+A==",
      "dev": true,
      "peerDependencies": {
        "@stencil/core": ">=2.0.0"
      }
    },
    "node_modules/gcode-preview": {
      "version": "2.8.2",
      "resolved": "https://registry.npmjs.org/gcode-preview/-/gcode-preview-2.8.2.tgz",
      "integrity": "sha512-0L/aTtIC18NX3bN3HEEhHrn9A6mWbAn8NKySWK9T62D7qIV43MIKSLf8sPHzI5j+mpStacs9njEWGFABnwYgFg==",
      "dev": true,
      "dependencies": {
        "three": "^0.144.0"
      }
    },
    "node_modules/three": {
      "version": "0.144.0",
      "resolved": "https://registry.npmjs.org/three/-/three-0.144.0.tgz",
      "integrity": "sha512-R8AXPuqfjfRJKkYoTQcTK7A6i3AdO9++2n8ubya/GTU+fEHhYKu1ZooRSCPkx69jbnzT7dD/xEo6eROQTt2lJw==",
      "dev": true
    }
  },
  "dependencies": {
    "@stencil-community/router": {
      "version": "1.0.2",
      "resolved": "https://registry.npmjs.org/@stencil-community/router/-/router-1.0.2.tgz",
      "integrity": "sha512-GQkhcwDZdkX6k6rE/ZqrH2mbxGt9wPq0KGAdwPJOcZJbfq9cKaSMOuS7heDEBcWgXgxJS2rKqwUKyKTj41g9pA==",
      "dev": true,
      "requires": {
        "@stencil/state-tunnel": "^1.0.1"
      }
    },
    "@stencil/core": {
      "version": "2.13.0",
      "resolved": "https://registry.npmjs.org/@stencil/core/-/core-2.13.0.tgz",
      "integrity": "sha512-EEKHOHgYpg3/iFUKMXTZJjUayRul7sXDwNw0OGgkEOe4t7JWiibDkzUHuruvpbqEydX+z1+ez5K2bMMY76c2wA==",
      "dev": true
    },
    "@stencil/sass": {
      "version": "2.0.0",
      "resolved": "https://registry.npmjs.org/@stencil/sass/-/sass-2.0.0.tgz",
      "integrity": "sha512-Be7Tz7YJnMzloot0aG3m2wTVt9Dg0rjOU+ZVx49ts9+hyeW+NEmvSWPv6bhypblRXbSGik2Cc3AYboTma4Qpgg==",
      "dev": true,
      "requires": {}
    },
    "@stencil/state-tunnel": {
      "version": "1.0.1",
      "resolved": "https://registry.npmjs.org/@stencil/state-tunnel/-/state-tunnel-1.0.1.tgz",
      "integrity": "sha512-DYG8uROgL9hkjVTCtCfRBb0d3FwpiFB0muRrNZQ2X1Qo5hxMuNNji76/ILddqeq0AfgkKCW82xrMPDpy+rNIhQ==",
      "dev": true
    },
    "@stencil/store": {
      "version": "2.0.1",
      "resolved": "https://registry.npmjs.org/@stencil/store/-/store-2.0.1.tgz",
      "integrity": "sha512-zGVu8/zvMNouo068wppVihHBPejU1rbanfq5VHvgw7lCI2BzQVY+RFNlnWQ4PrGwSybLw50363y3MkClWF7k+A==",
      "dev": true,
      "requires": {}
    },
    "gcode-preview": {
      "version": "2.8.2",
      "resolved": "https://registry.npmjs.org/gcode-preview/-/gcode-preview-2.8.2.tgz",
      "integrity": "sha512-0L/aTtIC18NX3bN3HEEhHrn9A6mWbAn8NKySWK9T62D7qIV43MIKSLf8sPHzI5j+mpStacs9njEWGFABnwYgFg==",
      "dev": true,
      "requires": {
        "three": "^0.144.0"
      }
    },
    "three": {
      "version": "0.144.0",
      "resolved": "https://registry.npmjs.org/three/-/three-0.144.0.tgz",
      "integrity": "sha512-R8AXPuqfjfRJKkYoTQcTK7A6i3AdO9++2n8ubya/GTU+fEHhYKu1ZooRSCPkx69jbnzT7dD/xEo6eROQTt2lJw==",
      "dev": true
    }
  }
}
